
Microsoft Visual Studio Solution File, Format Version 12.00
# Visual Studio Version 16
VisualStudioVersion = 16.0.29920.165
MinimumVisualStudioVersion = 10.0.40219.1
Project("{888888A0-9F3D-457C-B088-3A5042F75D52}") = "Videojuego de la vida", "Videojuego de la vida\Videojuego de la vida.pyproj", "{EE064C1B-CCF0-49E4-9340-B97A34FC07BB}"
EndProject
Global
	GlobalSection(SolutionConfigurationPlatforms) = preSolution
		Debug|Any CPU = Debug|Any CPU
		Release|Any CPU = Release|Any CPU
	EndGlobalSection
	GlobalSection(ProjectConfigurationPlatforms) = postSolution
		{EE064C1B-CCF0-49E4-9340-B97A34FC07BB}.Debug|Any CPU.ActiveCfg = Debug|Any CPU
		{EE064C1B-CCF0-49E4-9340-B97A34FC07BB}.Release|Any CPU.ActiveCfg = Release|Any CPU
	EndGlobalSection
	GlobalSection(SolutionProperties) = preSolution
		HideSolutionNode = FALSE
	EndGlobalSection
	GlobalSection(ExtensibilityGlobals) = postSolution
		SolutionGuid = {068E2499-5B16-46A1-96DC-494D556E5B92}
	EndGlobalSection
EndGlobal
